
Microsoft Visual Studio Solution File, Format Version 12.00
# Visual Studio Version 16
VisualStudioVersion = 16.0.31129.286
MinimumVisualStudioVersion = 10.0.40219.1
Project("{9A19103F-16F7-4668-BE54-9A1E7A4F7556}") = "Entities", "Entities\Entities.csproj", "{2E2E2BB9-017C-418C-9EA1-2DCB5FAA172B}"
EndProject
Project("{9A19103F-16F7-4668-BE54-9A1E7A4F7556}") = "DataAccess", "DataAccess\DataAccess.csproj", "{B8AC74F6-9ABD-4B24-B3F5-AFE30966072F}"
EndProject
Project("{9A19103F-16F7-4668-BE54-9A1E7A4F7556}") = "Business", "Business\Business.csproj", "{B25179C0-015E-469C-8474-2FA7DE34184A}"
EndProject
Project("{9A19103F-16F7-4668-BE54-9A1E7A4F7556}") = "ConsoleUI", "ConsoleUI\ConsoleUI.csproj", "{EF0132E4-D036-4732-BBDA-D6EC8E10F29D}"
EndProject
Project("{9A19103F-16F7-4668-BE54-9A1E7A4F7556}") = "Core", "..\FinalProject\Core\Core.csproj", "{8C5CD530-B906-4683-83C6-E5E32DA38D91}"
EndProject
Project("{9A19103F-16F7-4668-BE54-9A1E7A4F7556}") = "WebAPI", "WebAPI\WebAPI.csproj", "{E1727DB8-35E0-41BC-BCD5-1316A19F9FB0}"
EndProject
Global
	GlobalSection(SolutionConfigurationPlatforms) = preSolution
		Debug|Any CPU = Debug|Any CPU
		Release|Any CPU = Release|Any CPU
	EndGlobalSection
	GlobalSection(ProjectConfigurationPlatforms) = postSolution
		{2E2E2BB9-017C-418C-9EA1-2DCB5FAA172B}.Debug|Any CPU.ActiveCfg = Debug|Any CPU
		{2E2E2BB9-017C-418C-9EA1-2DCB5FAA172B}.Debug|Any CPU.Build.0 = Debug|Any CPU
		{2E2E2BB9-017C-418C-9EA1-2DCB5FAA172B}.Release|Any CPU.ActiveCfg = Release|Any CPU
		{2E2E2BB9-017C-418C-9EA1-2DCB5FAA172B}.Release|Any CPU.Build.0 = Release|Any CPU
		{B8AC74F6-9ABD-4B24-B3F5-AFE30966072F}.Debug|Any CPU.ActiveCfg = Debug|Any CPU
		{B8AC74F6-9ABD-4B24-B3F5-AFE30966072F}.Debug|Any CPU.Build.0 = Debug|Any CPU
		{B8AC74F6-9ABD-4B24-B3F5-AFE30966072F}.Release|Any CPU.ActiveCfg = Release|Any CPU
		{B8AC74F6-9ABD-4B24-B3F5-AFE30966072F}.Release|Any CPU.Build.0 = Release|Any CPU
		{B25179C0-015E-469C-8474-2FA7DE34184A}.Debug|Any CPU.ActiveCfg = Debug|Any CPU
		{B25179C0-015E-469C-8474-2FA7DE34184A}.Debug|Any CPU.Build.0 = Debug|Any CPU
		{B25179C0-015E-469C-8474-2FA7DE34184A}.Release|Any CPU.ActiveCfg = Release|Any CPU
		{B25179C0-015E-469C-8474-2FA7DE34184A}.Release|Any CPU.Build.0 = Release|Any CPU
		{EF0132E4-D036-4732-BBDA-D6EC8E10F29D}.Debug|Any CPU.ActiveCfg = Debug|Any CPU
		{EF0132E4-D036-4732-BBDA-D6EC8E10F29D}.Debug|Any CPU.Build.0 = Debug|Any CPU
		{EF0132E4-D036-4732-BBDA-D6EC8E10F29D}.Release|Any CPU.ActiveCfg = Release|Any CPU
		{EF0132E4-D036-4732-BBDA-D6EC8E10F29D}.Release|Any CPU.Build.0 = Release|Any CPU
		{8C5CD530-B906-4683-83C6-E5E32DA38D91}.Debug|Any CPU.ActiveCfg = Debug|Any CPU
		{8C5CD530-B906-4683-83C6-E5E32DA38D91}.Debug|Any CPU.Build.0 = Debug|Any CPU
		{8C5CD530-B906-4683-83C6-E5E32DA38D91}.Release|Any CPU.ActiveCfg = Release|Any CPU
		{8C5CD530-B906-4683-83C6-E5E32DA38D91}.Release|Any CPU.Build.0 = Release|Any CPU
		{E1727DB8-35E0-41BC-BCD5-1316A19F9FB0}.Debug|Any CPU.ActiveCfg = Debug|Any CPU
		{E1727DB8-35E0-41BC-BCD5-1316A19F9FB0}.Debug|Any CPU.Build.0 = Debug|Any CPU
		{E1727DB8-35E0-41BC-BCD5-1316A19F9FB0}.Release|Any CPU.ActiveCfg = Release|Any CPU
		{E1727DB8-35E0-41BC-BCD5-1316A19F9FB0}.Release|Any CPU.Build.0 = Release|Any CPU
	EndGlobalSection
	GlobalSection(SolutionProperties) = preSolution
		HideSolutionNode = FALSE
	EndGlobalSection
	GlobalSection(ExtensibilityGlobals) = postSolution
		SolutionGuid = {C29B49EE-D746-4CFA-BF7E-B1B4438AE9A9}
	EndGlobalSection
EndGlobal
